// !$*UTF8*$!
{
	archiveVersion = 1;
	classes = {
	};
	objectVersion = 50;
	objects = {

/* Begin PBXBuildFile section */
		48FB47682652F68200D5BE9B /* main.c in Sources */ = {isa = PBXBuildFile; fileRef = 48FB47672652F68200D5BE9B /* main.c */; };
		48FB47862652F76C00D5BE9B /* esempioThread2bis.c in Sources */ = {isa = PBXBuildFile; fileRef = 48FB47702652F76C00D5BE9B /* esempioThread2bis.c */; };
		48FB47872652F76C00D5BE9B /* esempioThread2ter.c in Sources */ = {isa = PBXBuildFile; fileRef = 48FB47712652F76C00D5BE9B /* esempioThread2ter.c */; };
		48FB47882652F76C00D5BE9B /* ex_Thread_share_x_race.c in Sources */ = {isa = PBXBuildFile; fileRef = 48FB47722652F76C00D5BE9B /* ex_Thread_share_x_race.c */; };
		48FB47892652F76C00D5BE9B /* ex_Thread_share_x_2.c in Sources */ = {isa = PBXBuildFile; fileRef = 48FB47732652F76C00D5BE9B /* ex_Thread_share_x_2.c */; };
		48FB478A2652F76C00D5BE9B /* ex_Thread_share_x_3.c in Sources */ = {isa = PBXBuildFile; fileRef = 48FB47742652F76C00D5BE9B /* ex_Thread_share_x_3.c */; };
		48FB478B2652F76C00D5BE9B /* esempioThread1.c in Sources */ = {isa = PBXBuildFile; fileRef = 48FB47752652F76C00D5BE9B /* esempioThread1.c */; };
		48FB478C2652F76C00D5BE9B /* esempiofork_4.c in Sources */ = {isa = PBXBuildFile; fileRef = 48FB47762652F76C00D5BE9B /* esempiofork_4.c */; };
		48FB478D2652F76C00D5BE9B /* ex_Thread_share_x.c in Sources */ = {isa = PBXBuildFile; fileRef = 48FB47772652F76C00D5BE9B /* ex_Thread_share_x.c */; };
		48FB478E2652F76C00D5BE9B /* ex_thread_share_x_race_more_dangerous.c in Sources */ = {isa = PBXBuildFile; fileRef = 48FB47782652F76C00D5BE9B /* ex_thread_share_x_race_more_dangerous.c */; };
		48FB478F2652F76C00D5BE9B /* esempiofork_2.c in Sources */ = {isa = PBXBuildFile; fileRef = 48FB47792652F76C00D5BE9B /* esempiofork_2.c */; };
		48FB47902652F76C00D5BE9B /* esempioThread1bis.c in Sources */ = {isa = PBXBuildFile; fileRef = 48FB477A2652F76C00D5BE9B /* esempioThread1bis.c */; };
		48FB47912652F76C00D5BE9B /* esempiofork_1.c in Sources */ = {isa = PBXBuildFile; fileRef = 48FB477B2652F76C00D5BE9B /* esempiofork_1.c */; };
		48FB47922652F76C00D5BE9B /* esempioThread3.c in Sources */ = {isa = PBXBuildFile; fileRef = 48FB477C2652F76C00D5BE9B /* esempioThread3.c */; };
		48FB47932652F76C00D5BE9B /* esempiofork_7.c in Sources */ = {isa = PBXBuildFile; fileRef = 48FB477D2652F76C00D5BE9B /* esempiofork_7.c */; };
		48FB47942652F76C00D5BE9B /* esempiofork_6.c in Sources */ = {isa = PBXBuildFile; fileRef = 48FB477E2652F76C00D5BE9B /* esempiofork_6.c */; };
		48FB47952652F76C00D5BE9B /* esempiokill.c in Sources */ = {isa = PBXBuildFile; fileRef = 48FB477F2652F76C00D5BE9B /* esempiokill.c */; };
		48FB47962652F76C00D5BE9B /* esempioThread2.c in Sources */ = {isa = PBXBuildFile; fileRef = 48FB47802652F76C00D5BE9B /* esempioThread2.c */; };
		48FB47972652F76C00D5BE9B /* esempiofork_5.c in Sources */ = {isa = PBXBuildFile; fileRef = 48FB47812652F76C00D5BE9B /* esempiofork_5.c */; };
		48FB47982652F76C00D5BE9B /* provafile.c in Sources */ = {isa = PBXBuildFile; fileRef = 48FB47822652F76C00D5BE9B /* provafile.c */; };
		48FB47992652F76C00D5BE9B /* esempio_exec_wait.c in Sources */ = {isa = PBXBuildFile; fileRef = 48FB47832652F76C00D5BE9B /* esempio_exec_wait.c */; };
		48FB479A2652F76C00D5BE9B /* esempio_exit_errore.c in Sources */ = {isa = PBXBuildFile; fileRef = 48FB47842652F76C00D5BE9B /* esempio_exit_errore.c */; };
		48FB479B2652F76C00D5BE9B /* esempiofork_3.c in Sources */ = {isa = PBXBuildFile; fileRef = 48FB47852652F76C00D5BE9B /* esempiofork_3.c */; };
/* End PBXBuildFile section */

/* Begin PBXCopyFilesBuildPhase section */
		48FB47622652F68100D5BE9B /* CopyFiles */ = {
			isa = PBXCopyFilesBuildPhase;
			buildActionMask = 2147483647;
			dstPath = /usr/share/man/man1/;
			dstSubfolderSpec = 0;
			files = (
			);
			runOnlyForDeploymentPostprocessing = 1;
		};
/* End PBXCopyFilesBuildPhase section */

/* Begin PBXFileReference section */
		48FB47642652F68200D5BE9B /* esercizi_sistemi_operativi */ = {isa = PBXFileReference; explicitFileType = "compiled.mach-o.executable"; includeInIndex = 0; path = esercizi_sistemi_operativi; sourceTree = BUILT_PRODUCTS_DIR; };
		48FB47672652F68200D5BE9B /* main.c */ = {isa = PBXFileReference; lastKnownFileType = sourcecode.c.c; path = main.c; sourceTree = "<group>"; };
		48FB47702652F76C00D5BE9B /* esempioThread2bis.c */ = {isa = PBXFileReference; fileEncoding = 4; lastKnownFileType = sourcecode.c.c; path = esempioThread2bis.c; sourceTree = "<group>"; };
		48FB47712652F76C00D5BE9B /* esempioThread2ter.c */ = {isa = PBXFileReference; fileEncoding = 4; lastKnownFileType = sourcecode.c.c; path = esempioThread2ter.c; sourceTree = "<group>"; };
		48FB47722652F76C00D5BE9B /* ex_Thread_share_x_race.c */ = {isa = PBXFileReference; fileEncoding = 4; lastKnownFileType = sourcecode.c.c; path = ex_Thread_share_x_race.c; sourceTree = "<group>"; };
		48FB47732652F76C00D5BE9B /* ex_Thread_share_x_2.c */ = {isa = PBXFileReference; fileEncoding = 4; lastKnownFileType = sourcecode.c.c; path = ex_Thread_share_x_2.c; sourceTree = "<group>"; };
		48FB47742652F76C00D5BE9B /* ex_Thread_share_x_3.c */ = {isa = PBXFileReference; fileEncoding = 4; lastKnownFileType = sourcecode.c.c; path = ex_Thread_share_x_3.c; sourceTree = "<group>"; };
		48FB47752652F76C00D5BE9B /* esempioThread1.c */ = {isa = PBXFileReference; fileEncoding = 4; lastKnownFileType = sourcecode.c.c; path = esempioThread1.c; sourceTree = "<group>"; };
		48FB47762652F76C00D5BE9B /* esempiofork_4.c */ = {isa = PBXFileReference; fileEncoding = 4; lastKnownFileType = sourcecode.c.c; path = esempiofork_4.c; sourceTree = "<group>"; };
		48FB47772652F76C00D5BE9B /* ex_Thread_share_x.c */ = {isa = PBXFileReference; fileEncoding = 4; lastKnownFileType = sourcecode.c.c; path = ex_Thread_share_x.c; sourceTree = "<group>"; };
		48FB47782652F76C00D5BE9B /* ex_thread_share_x_race_more_dangerous.c */ = {isa = PBXFileReference; fileEncoding = 4; lastKnownFileType = sourcecode.c.c; path = ex_thread_share_x_race_more_dangerous.c; sourceTree = "<group>"; };
		48FB47792652F76C00D5BE9B /* esempiofork_2.c */ = {isa = PBXFileReference; fileEncoding = 4; lastKnownFileType = sourcecode.c.c; path = esempiofork_2.c; sourceTree = "<group>"; };
		48FB477A2652F76C00D5BE9B /* esempioThread1bis.c */ = {isa = PBXFileReference; fileEncoding = 4; lastKnownFileType = sourcecode.c.c; path = esempioThread1bis.c; sourceTree = "<group>"; };
		48FB477B2652F76C00D5BE9B /* esempiofork_1.c */ = {isa = PBXFileReference; fileEncoding = 4; lastKnownFileType = sourcecode.c.c; path = esempiofork_1.c; sourceTree = "<group>"; };
		48FB477C2652F76C00D5BE9B /* esempioThread3.c */ = {isa = PBXFileReference; fileEncoding = 4; lastKnownFileType = sourcecode.c.c; path = esempioThread3.c; sourceTree = "<group>"; };
		48FB477D2652F76C00D5BE9B /* esempiofork_7.c */ = {isa = PBXFileReference; fileEncoding = 4; lastKnownFileType = sourcecode.c.c; path = esempiofork_7.c; sourceTree = "<group>"; };
		48FB477E2652F76C00D5BE9B /* esempiofork_6.c */ = {isa = PBXFileReference; fileEncoding = 4; lastKnownFileType = sourcecode.c.c; path = esempiofork_6.c; sourceTree = "<group>"; };
		48FB477F2652F76C00D5BE9B /* esempiokill.c */ = {isa = PBXFileReference; fileEncoding = 4; lastKnownFileType = sourcecode.c.c; path = esempiokill.c; sourceTree = "<group>"; };
		48FB47802652F76C00D5BE9B /* esempioThread2.c */ = {isa = PBXFileReference; fileEncoding = 4; lastKnownFileType = sourcecode.c.c; path = esempioThread2.c; sourceTree = "<group>"; };
		48FB47812652F76C00D5BE9B /* esempiofork_5.c */ = {isa = PBXFileReference; fileEncoding = 4; lastKnownFileType = sourcecode.c.c; path = esempiofork_5.c; sourceTree = "<group>"; };
		48FB47822652F76C00D5BE9B /* provafile.c */ = {isa = PBXFileReference; fileEncoding = 4; lastKnownFileType = sourcecode.c.c; path = provafile.c; sourceTree = "<group>"; };
		48FB47832652F76C00D5BE9B /* esempio_exec_wait.c */ = {isa = PBXFileReference; fileEncoding = 4; lastKnownFileType = sourcecode.c.c; path = esempio_exec_wait.c; sourceTree = "<group>"; };
		48FB47842652F76C00D5BE9B /* esempio_exit_errore.c */ = {isa = PBXFileReference; fileEncoding = 4; lastKnownFileType = sourcecode.c.c; path = esempio_exit_errore.c; sourceTree = "<group>"; };
		48FB47852652F76C00D5BE9B /* esempiofork_3.c */ = {isa = PBXFileReference; fileEncoding = 4; lastKnownFileType = sourcecode.c.c; path = esempiofork_3.c; sourceTree = "<group>"; };
/* End PBXFileReference section */

/* Begin PBXFrameworksBuildPhase section */
		48FB47612652F68100D5BE9B /* Frameworks */ = {
			isa = PBXFrameworksBuildPhase;
			buildActionMask = 2147483647;
			files = (
			);
			runOnlyForDeploymentPostprocessing = 0;
		};
/* End PBXFrameworksBuildPhase section */

/* Begin PBXGroup section */
		48FB475B2652F68100D5BE9B = {
			isa = PBXGroup;
			children = (
				48FB47662652F68200D5BE9B /* esercizi_sistemi_operativi */,
				48FB47652652F68200D5BE9B /* Products */,
			);
			sourceTree = "<group>";
		};
		48FB47652652F68200D5BE9B /* Products */ = {
			isa = PBXGroup;
			children = (
				48FB47642652F68200D5BE9B /* esercizi_sistemi_operativi */,
			);
			name = Products;
			sourceTree = "<group>";
		};
		48FB47662652F68200D5BE9B /* esercizi_sistemi_operativi */ = {
			isa = PBXGroup;
			children = (
				48FB476F2652F6C700D5BE9B /* esempi */,
				48FB47672652F68200D5BE9B /* main.c */,
			);
			path = esercizi_sistemi_operativi;
			sourceTree = "<group>";
		};
		48FB476F2652F6C700D5BE9B /* esempi */ = {
			isa = PBXGroup;
			children = (
				48FB47832652F76C00D5BE9B /* esempio_exec_wait.c */,
				48FB47842652F76C00D5BE9B /* esempio_exit_errore.c */,
				48FB477B2652F76C00D5BE9B /* esempiofork_1.c */,
				48FB47792652F76C00D5BE9B /* esempiofork_2.c */,
				48FB47852652F76C00D5BE9B /* esempiofork_3.c */,
				48FB47762652F76C00D5BE9B /* esempiofork_4.c */,
				48FB47812652F76C00D5BE9B /* esempiofork_5.c */,
				48FB477E2652F76C00D5BE9B /* esempiofork_6.c */,
				48FB477D2652F76C00D5BE9B /* esempiofork_7.c */,
				48FB477F2652F76C00D5BE9B /* esempiokill.c */,
				48FB47752652F76C00D5BE9B /* esempioThread1.c */,
				48FB477A2652F76C00D5BE9B /* esempioThread1bis.c */,
				48FB47802652F76C00D5BE9B /* esempioThread2.c */,
				48FB47702652F76C00D5BE9B /* esempioThread2bis.c */,
				48FB47712652F76C00D5BE9B /* esempioThread2ter.c */,
				48FB477C2652F76C00D5BE9B /* esempioThread3.c */,
				48FB47732652F76C00D5BE9B /* ex_Thread_share_x_2.c */,
				48FB47742652F76C00D5BE9B /* ex_Thread_share_x_3.c */,
				48FB47782652F76C00D5BE9B /* ex_thread_share_x_race_more_dangerous.c */,
				48FB47722652F76C00D5BE9B /* ex_Thread_share_x_race.c */,
				48FB47772652F76C00D5BE9B /* ex_Thread_share_x.c */,
				48FB47822652F76C00D5BE9B /* provafile.c */,
			);
			path = esempi;
			sourceTree = "<group>";
		};
/* End PBXGroup section */

/* Begin PBXNativeTarget section */
		48FB47632652F68100D5BE9B /* esercizi_sistemi_operativi */ = {
			isa = PBXNativeTarget;
			buildConfigurationList = 48FB476B2652F68200D5BE9B /* Build configuration list for PBXNativeTarget "esercizi_sistemi_operativi" */;
			buildPhases = (
				48FB47602652F68100D5BE9B /* Sources */,
				48FB47612652F68100D5BE9B /* Frameworks */,
				48FB47622652F68100D5BE9B /* CopyFiles */,
			);
			buildRules = (
			);
			dependencies = (
			);
			name = esercizi_sistemi_operativi;
			productName = esercizi_sistemi_operativi;
			productReference = 48FB47642652F68200D5BE9B /* esercizi_sistemi_operativi */;
			productType = "com.apple.product-type.tool";
		};
/* End PBXNativeTarget section */

/* Begin PBXProject section */
		48FB475C2652F68100D5BE9B /* Project object */ = {
			isa = PBXProject;
			attributes = {
				LastUpgradeCheck = 1240;
				TargetAttributes = {
					48FB47632652F68100D5BE9B = {
						CreatedOnToolsVersion = 12.4;
					};
				};
			};
			buildConfigurationList = 48FB475F2652F68100D5BE9B /* Build configuration list for PBXProject "esercizi_sistemi_operativi" */;
			compatibilityVersion = "Xcode 9.3";
			developmentRegion = en;
			hasScannedForEncodings = 0;
			knownRegions = (
				en,
				Base,
			);
			mainGroup = 48FB475B2652F68100D5BE9B;
			productRefGroup = 48FB47652652F68200D5BE9B /* Products */;
			projectDirPath = "";
			projectRoot = "";
			targets = (
				48FB47632652F68100D5BE9B /* esercizi_sistemi_operativi */,
			);
		};
/* End PBXProject section */

/* Begin PBXSourcesBuildPhase section */
		48FB47602652F68100D5BE9B /* Sources */ = {
			isa = PBXSourcesBuildPhase;
			buildActionMask = 2147483647;
			files = (
				48FB47892652F76C00D5BE9B /* ex_Thread_share_x_2.c in Sources */,
				48FB47972652F76C00D5BE9B /* esempiofork_5.c in Sources */,
				48FB47912652F76C00D5BE9B /* esempiofork_1.c in Sources */,
				48FB47902652F76C00D5BE9B /* esempioThread1bis.c in Sources */,
				48FB47952652F76C00D5BE9B /* esempiokill.c in Sources */,
				48FB478A2652F76C00D5BE9B /* ex_Thread_share_x_3.c in Sources */,
				48FB47992652F76C00D5BE9B /* esempio_exec_wait.c in Sources */,
				48FB478B2652F76C00D5BE9B /* esempioThread1.c in Sources */,
				48FB47882652F76C00D5BE9B /* ex_Thread_share_x_race.c in Sources */,
				48FB478E2652F76C00D5BE9B /* ex_thread_share_x_race_more_dangerous.c in Sources */,
				48FB478D2652F76C00D5BE9B /* ex_Thread_share_x.c in Sources */,
				48FB479B2652F76C00D5BE9B /* esempiofork_3.c in Sources */,
				48FB478F2652F76C00D5BE9B /* esempiofork_2.c in Sources */,
				48FB47942652F76C00D5BE9B /* esempiofork_6.c in Sources */,
				48FB47862652F76C00D5BE9B /* esempioThread2bis.c in Sources */,
				48FB47872652F76C00D5BE9B /* esempioThread2ter.c in Sources */,
				48FB47962652F76C00D5BE9B /* esempioThread2.c in Sources */,
				48FB47682652F68200D5BE9B /* main.c in Sources */,
				48FB47982652F76C00D5BE9B /* provafile.c in Sources */,
				48FB47932652F76C00D5BE9B /* esempiofork_7.c in Sources */,
				48FB47922652F76C00D5BE9B /* esempioThread3.c in Sources */,
				48FB478C2652F76C00D5BE9B /* esempiofork_4.c in Sources */,
				48FB479A2652F76C00D5BE9B /* esempio_exit_errore.c in Sources */,
			);
			runOnlyForDeploymentPostprocessing = 0;
		};
/* End PBXSourcesBuildPhase section */

/* Begin XCBuildConfiguration section */
		48FB47692652F68200D5BE9B /* Debug */ = {
			isa = XCBuildConfiguration;
			buildSettings = {
				ALWAYS_SEARCH_USER_PATHS = NO;
				CLANG_ANALYZER_NONNULL = YES;
				CLANG_ANALYZER_NUMBER_OBJECT_CONVERSION = YES_AGGRESSIVE;
				CLANG_CXX_LANGUAGE_STANDARD = "gnu++14";
				CLANG_CXX_LIBRARY = "libc++";
				CLANG_ENABLE_MODULES = YES;
				CLANG_ENABLE_OBJC_ARC = YES;
				CLANG_ENABLE_OBJC_WEAK = YES;
				CLANG_WARN_BLOCK_CAPTURE_AUTORELEASING = YES;
				CLANG_WARN_BOOL_CONVERSION = YES;
				CLANG_WARN_COMMA = YES;
				CLANG_WARN_CONSTANT_CONVERSION = YES;
				CLANG_WARN_DEPRECATED_OBJC_IMPLEMENTATIONS = YES;
				CLANG_WARN_DIRECT_OBJC_ISA_USAGE = YES_ERROR;
				CLANG_WARN_DOCUMENTATION_COMMENTS = YES;
				CLANG_WARN_EMPTY_BODY = YES;
				CLANG_WARN_ENUM_CONVERSION = YES;
				CLANG_WARN_INFINITE_RECURSION = YES;
				CLANG_WARN_INT_CONVERSION = YES;
				CLANG_WARN_NON_LITERAL_NULL_CONVERSION = YES;
				CLANG_WARN_OBJC_IMPLICIT_RETAIN_SELF = YES;
				CLANG_WARN_OBJC_LITERAL_CONVERSION = YES;
				CLANG_WARN_OBJC_ROOT_CLASS = YES_ERROR;
				CLANG_WARN_QUOTED_INCLUDE_IN_FRAMEWORK_HEADER = YES;
				CLANG_WARN_RANGE_LOOP_ANALYSIS = YES;
				CLANG_WARN_STRICT_PROTOTYPES = YES;
				CLANG_WARN_SUSPICIOUS_MOVE = YES;
				CLANG_WARN_UNGUARDED_AVAILABILITY = YES_AGGRESSIVE;
				CLANG_WARN_UNREACHABLE_CODE = YES;
				CLANG_WARN__DUPLICATE_METHOD_MATCH = YES;
				COPY_PHASE_STRIP = NO;
				DEBUG_INFORMATION_FORMAT = dwarf;
				ENABLE_STRICT_OBJC_MSGSEND = YES;
				ENABLE_TESTABILITY = YES;
				GCC_C_LANGUAGE_STANDARD = gnu11;
				GCC_DYNAMIC_NO_PIC = NO;
				GCC_NO_COMMON_BLOCKS = YES;
				GCC_OPTIMIZATION_LEVEL = 0;
				GCC_PREPROCESSOR_DEFINITIONS = (
					"DEBUG=1",
					"$(inherited)",
				);
				GCC_WARN_64_TO_32_BIT_CONVERSION = YES;
				GCC_WARN_ABOUT_RETURN_TYPE = YES_ERROR;
				GCC_WARN_UNDECLARED_SELECTOR = YES;
				GCC_WARN_UNINITIALIZED_AUTOS = YES_AGGRESSIVE;
				GCC_WARN_UNUSED_FUNCTION = YES;
				GCC_WARN_UNUSED_VARIABLE = YES;
				MACOSX_DEPLOYMENT_TARGET = 11.1;
				MTL_ENABLE_DEBUG_INFO = INCLUDE_SOURCE;
				MTL_FAST_MATH = YES;
				ONLY_ACTIVE_ARCH = YES;
				SDKROOT = macosx;
			};
			name = Debug;
		};
		48FB476A2652F68200D5BE9B /* Release */ = {
			isa = XCBuildConfiguration;
			buildSettings = {
				ALWAYS_SEARCH_USER_PATHS = NO;
				CLANG_ANALYZER_NONNULL = YES;
				CLANG_ANALYZER_NUMBER_OBJECT_CONVERSION = YES_AGGRESSIVE;
				CLANG_CXX_LANGUAGE_STANDARD = "gnu++14";
				CLANG_CXX_LIBRARY = "libc++";
				CLANG_ENABLE_MODULES = YES;
				CLANG_ENABLE_OBJC_ARC = YES;
				CLANG_ENABLE_OBJC_WEAK = YES;
				CLANG_WARN_BLOCK_CAPTURE_AUTORELEASING = YES;
				CLANG_WARN_BOOL_CONVERSION = YES;
				CLANG_WARN_COMMA = YES;
				CLANG_WARN_CONSTANT_CONVERSION = YES;
				CLANG_WARN_DEPRECATED_OBJC_IMPLEMENTATIONS = YES;
				CLANG_WARN_DIRECT_OBJC_ISA_USAGE = YES_ERROR;
				CLANG_WARN_DOCUMENTATION_COMMENTS = YES;
				CLANG_WARN_EMPTY_BODY = YES;
				CLANG_WARN_ENUM_CONVERSION = YES;
				CLANG_WARN_INFINITE_RECURSION = YES;
				CLANG_WARN_INT_CONVERSION = YES;
				CLANG_WARN_NON_LITERAL_NULL_CONVERSION = YES;
				CLANG_WARN_OBJC_IMPLICIT_RETAIN_SELF = YES;
				CLANG_WARN_OBJC_LITERAL_CONVERSION = YES;
				CLANG_WARN_OBJC_ROOT_CLASS = YES_ERROR;
				CLANG_WARN_QUOTED_INCLUDE_IN_FRAMEWORK_HEADER = YES;
				CLANG_WARN_RANGE_LOOP_ANALYSIS = YES;
				CLANG_WARN_STRICT_PROTOTYPES = YES;
				CLANG_WARN_SUSPICIOUS_MOVE = YES;
				CLANG_WARN_UNGUARDED_AVAILABILITY = YES_AGGRESSIVE;
				CLANG_WARN_UNREACHABLE_CODE = YES;
				CLANG_WARN__DUPLICATE_METHOD_MATCH = YES;
				COPY_PHASE_STRIP = NO;
				DEBUG_INFORMATION_FORMAT = "dwarf-with-dsym";
				ENABLE_NS_ASSERTIONS = NO;
				ENABLE_STRICT_OBJC_MSGSEND = YES;
				GCC_C_LANGUAGE_STANDARD = gnu11;
				GCC_NO_COMMON_BLOCKS = YES;
				GCC_WARN_64_TO_32_BIT_CONVERSION = YES;
				GCC_WARN_ABOUT_RETURN_TYPE = YES_ERROR;
				GCC_WARN_UNDECLARED_SELECTOR = YES;
				GCC_WARN_UNINITIALIZED_AUTOS = YES_AGGRESSIVE;
				GCC_WARN_UNUSED_FUNCTION = YES;
				GCC_WARN_UNUSED_VARIABLE = YES;
				MACOSX_DEPLOYMENT_TARGET = 11.1;
				MTL_ENABLE_DEBUG_INFO = NO;
				MTL_FAST_MATH = YES;
				SDKROOT = macosx;
			};
			name = Release;
		};
		48FB476C2652F68200D5BE9B /* Debug */ = {
			isa = XCBuildConfiguration;
			buildSettings = {
				CODE_SIGN_STYLE = Automatic;
				PRODUCT_NAME = "$(TARGET_NAME)";
			};
			name = Debug;
		};
		48FB476D2652F68200D5BE9B /* Release */ = {
			isa = XCBuildConfiguration;
			buildSettings = {
				CODE_SIGN_STYLE = Automatic;
				PRODUCT_NAME = "$(TARGET_NAME)";
			};
			name = Release;
		};
/* End XCBuildConfiguration section */

/* Begin XCConfigurationList section */
		48FB475F2652F68100D5BE9B /* Build configuration list for PBXProject "esercizi_sistemi_operativi" */ = {
			isa = XCConfigurationList;
			buildConfigurations = (
				48FB47692652F68200D5BE9B /* Debug */,
				48FB476A2652F68200D5BE9B /* Release */,
			);
			defaultConfigurationIsVisible = 0;
			defaultConfigurationName = Release;
		};
		48FB476B2652F68200D5BE9B /* Build configuration list for PBXNativeTarget "esercizi_sistemi_operativi" */ = {
			isa = XCConfigurationList;
			buildConfigurations = (
				48FB476C2652F68200D5BE9B /* Debug */,
				48FB476D2652F68200D5BE9B /* Release */,
			);
			defaultConfigurationIsVisible = 0;
			defaultConfigurationName = Release;
		};
/* End XCConfigurationList section */
	};
	rootObject = 48FB475C2652F68100D5BE9B /* Project object */;
}
